
Microsoft Visual Studio Solution File, Format Version 9.00
# Visual Studio 2005
Project("{FAE04EC0-301F-11D3-BF4B-00C04F79EFBC}") = "xbmcontrol-evo", "xbmcontrol-evo\xbmcontrol-evo.csproj", "{096029ED-02B1-4276-9915-672E4F75EC3D}"
EndProject
Project("{9344bdbb-3e7f-41fc-a0dd-8665d75ee146}") = "Packages", "Packages.mdproj", "{2CF46E76-6165-473F-8CEC-D201C32E7EC7}"
EndProject
Project("{9344bdbb-3e7f-41fc-a0dd-8665d75ee146}") = "xbmcontrol-evoTranslation", "xbmcontrol-evoTranslation\xbmcontrol-evoTranslation.mdproj", "{990FA36E-8D0F-47AC-85D5-BB528ED3928E}"
EndProject
Global
	GlobalSection(SolutionConfigurationPlatforms) = preSolution
		Debug|Any CPU = Debug|Any CPU
		Release|Any CPU = Release|Any CPU
	EndGlobalSection
	GlobalSection(ProjectConfigurationPlatforms) = postSolution
		{096029ED-02B1-4276-9915-672E4F75EC3D}.Debug|Any CPU.ActiveCfg = Debug|Any CPU
		{096029ED-02B1-4276-9915-672E4F75EC3D}.Debug|Any CPU.Build.0 = Debug|Any CPU
		{096029ED-02B1-4276-9915-672E4F75EC3D}.Release|Any CPU.ActiveCfg = Release|Any CPU
		{096029ED-02B1-4276-9915-672E4F75EC3D}.Release|Any CPU.Build.0 = Release|Any CPU
		{2CF46E76-6165-473F-8CEC-D201C32E7EC7}.Debug|Any CPU.ActiveCfg = Debug|Any CPU
		{2CF46E76-6165-473F-8CEC-D201C32E7EC7}.Debug|Any CPU.Build.0 = Debug|Any CPU
		{2CF46E76-6165-473F-8CEC-D201C32E7EC7}.Release|Any CPU.ActiveCfg = Release|Any CPU
		{2CF46E76-6165-473F-8CEC-D201C32E7EC7}.Release|Any CPU.Build.0 = Release|Any CPU
		{990FA36E-8D0F-47AC-85D5-BB528ED3928E}.Debug|Any CPU.ActiveCfg = Debug|Any CPU
		{990FA36E-8D0F-47AC-85D5-BB528ED3928E}.Debug|Any CPU.Build.0 = Debug|Any CPU
		{990FA36E-8D0F-47AC-85D5-BB528ED3928E}.Release|Any CPU.ActiveCfg = Release|Any CPU
		{990FA36E-8D0F-47AC-85D5-BB528ED3928E}.Release|Any CPU.Build.0 = Release|Any CPU
	EndGlobalSection
	GlobalSection(MonoDevelopProperties) = preSolution
		version = 0.1
		StartupItem = xbmcontrol-evo\xbmcontrol-evo.csproj
	EndGlobalSection
EndGlobal
